
Microsoft Visual Studio Solution File, Format Version 12.00
# Visual Studio Version 17
VisualStudioVersion = 17.14.36429.23 d17.14
MinimumVisualStudioVersion = 10.0.40219.1
Project("{FAE04EC0-301F-11D3-BF4B-00C04F79EFBC}") = "Hospital", "Hospital\Hospital.csproj", "{8DED45B1-9283-46B0-B168-0457E172D31D}"
EndProject
Global
	GlobalSection(SolutionConfigurationPlatforms) = preSolution
		Debug|Any CPU = Debug|Any CPU
		Release|Any CPU = Release|Any CPU
	EndGlobalSection
	GlobalSection(ProjectConfigurationPlatforms) = postSolution
		{8DED45B1-9283-46B0-B168-0457E172D31D}.Debug|Any CPU.ActiveCfg = Debug|Any CPU
		{8DED45B1-9283-46B0-B168-0457E172D31D}.Debug|Any CPU.Build.0 = Debug|Any CPU
		{8DED45B1-9283-46B0-B168-0457E172D31D}.Release|Any CPU.ActiveCfg = Release|Any CPU
		{8DED45B1-9283-46B0-B168-0457E172D31D}.Release|Any CPU.Build.0 = Release|Any CPU
	EndGlobalSection
	GlobalSection(SolutionProperties) = preSolution
		HideSolutionNode = FALSE
	EndGlobalSection
	GlobalSection(ExtensibilityGlobals) = postSolution
		SolutionGuid = {DD2B79BC-5FF7-4E61-AF17-9771CCA22437}
	EndGlobalSection
EndGlobal
